
Microsoft Visual Studio Solution File, Format Version 12.00
# Visual Studio Version 17
VisualStudioVersion = 17.8.34322.80
MinimumVisualStudioVersion = 10.0.40219.1
Project("{FAE04EC0-301F-11D3-BF4B-00C04F79EFBC}") = "Pragmap.API", "Pragmap.API\Pragmap.API.csproj", "{FD11E2D2-8193-4865-9265-9D5C0F4A9AF9}"
EndProject
Project("{FAE04EC0-301F-11D3-BF4B-00C04F79EFBC}") = "Pragmap.Domain", "Pragmap.Domain\Pragmap.Domain.csproj", "{DB1CE7DA-45E6-4243-A740-22CE9F93CD84}"
EndProject
Project("{9A19103F-16F7-4668-BE54-9A1E7A4F7556}") = "Pragmap.Infrastructure", "Pragmap.Infrastructure\Pragmap.Infrastructure.csproj", "{74D8D813-EBAD-4709-B489-821083E31D31}"
EndProject
Global
	GlobalSection(SolutionConfigurationPlatforms) = preSolution
		Debug|Any CPU = Debug|Any CPU
		Release|Any CPU = Release|Any CPU
	EndGlobalSection
	GlobalSection(ProjectConfigurationPlatforms) = postSolution
		{FD11E2D2-8193-4865-9265-9D5C0F4A9AF9}.Debug|Any CPU.ActiveCfg = Debug|Any CPU
		{FD11E2D2-8193-4865-9265-9D5C0F4A9AF9}.Debug|Any CPU.Build.0 = Debug|Any CPU
		{FD11E2D2-8193-4865-9265-9D5C0F4A9AF9}.Release|Any CPU.ActiveCfg = Release|Any CPU
		{FD11E2D2-8193-4865-9265-9D5C0F4A9AF9}.Release|Any CPU.Build.0 = Release|Any CPU
		{DB1CE7DA-45E6-4243-A740-22CE9F93CD84}.Debug|Any CPU.ActiveCfg = Debug|Any CPU
		{DB1CE7DA-45E6-4243-A740-22CE9F93CD84}.Debug|Any CPU.Build.0 = Debug|Any CPU
		{DB1CE7DA-45E6-4243-A740-22CE9F93CD84}.Release|Any CPU.ActiveCfg = Release|Any CPU
		{DB1CE7DA-45E6-4243-A740-22CE9F93CD84}.Release|Any CPU.Build.0 = Release|Any CPU
		{74D8D813-EBAD-4709-B489-821083E31D31}.Debug|Any CPU.ActiveCfg = Debug|Any CPU
		{74D8D813-EBAD-4709-B489-821083E31D31}.Debug|Any CPU.Build.0 = Debug|Any CPU
		{74D8D813-EBAD-4709-B489-821083E31D31}.Release|Any CPU.ActiveCfg = Release|Any CPU
		{74D8D813-EBAD-4709-B489-821083E31D31}.Release|Any CPU.Build.0 = Release|Any CPU
	EndGlobalSection
	GlobalSection(SolutionProperties) = preSolution
		HideSolutionNode = FALSE
	EndGlobalSection
	GlobalSection(ExtensibilityGlobals) = postSolution
		SolutionGuid = {58AFC61D-0793-4516-A428-71BE4EDD9825}
	EndGlobalSection
EndGlobal
